{
  "name": "hauvpaus",
  "lockfileVersion": 2,
  "requires": true,
  "packages": {
    "": {
      "dependencies": {
        "jquery": "^3.6.0"
      }
    },
    "node_modules/jquery": {
      "version": "3.6.0",
      "license": "MIT"
    }
  },
  "dependencies": {
    "jquery": {
      "version": "3.6.0"
    }
  },
  "scripts": {
    "test": "echo \"Error: no test specified\" && exit 1",
    "build": "webpack --config webpack.conf.js",
    "deploy": "npm run build && gh-pages -d build",
    "start": "node app.js"
  }
}
